
Microsoft Visual Studio Solution File, Format Version 12.00
# Visual Studio Version 17
VisualStudioVersion = 17.4.33213.308
MinimumVisualStudioVersion = 10.0.40219.1
Project("{FAE04EC0-301F-11D3-BF4B-00C04F79EFBC}") = "WarehouseSystem", "WarehouseSystem.csproj", "{D6228E8A-F664-476D-AF29-968142826B2D}"
EndProject
Global
	GlobalSection(SolutionConfigurationPlatforms) = preSolution
		Debug|Any CPU = Debug|Any CPU
		Release|Any CPU = Release|Any CPU
	EndGlobalSection
	GlobalSection(ProjectConfigurationPlatforms) = postSolution
		{D6228E8A-F664-476D-AF29-968142826B2D}.Debug|Any CPU.ActiveCfg = Debug|Any CPU
		{D6228E8A-F664-476D-AF29-968142826B2D}.Debug|Any CPU.Build.0 = Debug|Any CPU
		{D6228E8A-F664-476D-AF29-968142826B2D}.Release|Any CPU.ActiveCfg = Release|Any CPU
		{D6228E8A-F664-476D-AF29-968142826B2D}.Release|Any CPU.Build.0 = Release|Any CPU
	EndGlobalSection
	GlobalSection(SolutionProperties) = preSolution
		HideSolutionNode = FALSE
	EndGlobalSection
	GlobalSection(ExtensibilityGlobals) = postSolution
		SolutionGuid = {DC7A4E27-25A1-48DA-BAF8-533DE0A31F40}
	EndGlobalSection
EndGlobal
